// !$*UTF8*$!
{
	archiveVersion = 1;
	classes = {
	};
	objectVersion = 46;
	objects = {

/* Begin PBXBuildFile section */
		4CEB8A491F3DFD7900301C6F /* AppDelegate.swift in Sources */ = {isa = PBXBuildFile; fileRef = 4CEB8A481F3DFD7900301C6F /* AppDelegate.swift */; };
		4CEB8A4B1F3DFD7900301C6F /* ViewController.swift in Sources */ = {isa = PBXBuildFile; fileRef = 4CEB8A4A1F3DFD7900301C6F /* ViewController.swift */; };
		4CEB8A4E1F3DFD7900301C6F /* Main.storyboard in Resources */ = {isa = PBXBuildFile; fileRef = 4CEB8A4C1F3DFD7900301C6F /* Main.storyboard */; };
		4CEB8A501F3DFD7900301C6F /* Assets.xcassets in Resources */ = {isa = PBXBuildFile; fileRef = 4CEB8A4F1F3DFD7900301C6F /* Assets.xcassets */; };
		4CEB8A531F3DFD7900301C6F /* LaunchScreen.storyboard in Resources */ = {isa = PBXBuildFile; fileRef = 4CEB8A511F3DFD7900301C6F /* LaunchScreen.storyboard */; };
/* End PBXBuildFile section */

/* Begin PBXFileReference section */
		4CEB8A451F3DFD7900301C6F /* Two Buttons.app */ = {isa = PBXFileReference; explicitFileType = wrapper.application; includeInIndex = 0; path = "Two Buttons.app"; sourceTree = BUILT_PRODUCTS_DIR; };
		4CEB8A481F3DFD7900301C6F /* AppDelegate.swift */ = {isa = PBXFileReference; lastKnownFileType = sourcecode.swift; path = AppDelegate.swift; sourceTree = "<group>"; };
		4CEB8A4A1F3DFD7900301C6F /* ViewController.swift */ = {isa = PBXFileReference; lastKnownFileType = sourcecode.swift; path = ViewController.swift; sourceTree = "<group>"; };
		4CEB8A4D1F3DFD7900301C6F /* Base */ = {isa = PBXFileReference; lastKnownFileType = file.storyboard; name = Base; path = Base.lproj/Main.storyboard; sourceTree = "<group>"; };
		4CEB8A4F1F3DFD7900301C6F /* Assets.xcassets */ = {isa = PBXFileReference; lastKnownFileType = folder.assetcatalog; path = Assets.xcassets; sourceTree = "<group>"; };
		4CEB8A521F3DFD7900301C6F /* Base */ = {isa = PBXFileReference; lastKnownFileType = file.storyboard; name = Base; path = Base.lproj/LaunchScreen.storyboard; sourceTree = "<group>"; };
		4CEB8A541F3DFD7900301C6F /* Info.plist */ = {isa = PBXFileReference; lastKnownFileType = text.plist.xml; path = Info.plist; sourceTree = "<group>"; };
/* End PBXFileReference section */

/* Begin PBXFrameworksBuildPhase section */
		4CEB8A421F3DFD7900301C6F /* Frameworks */ = {
			isa = PBXFrameworksBuildPhase;
			buildActionMask = 2147483647;
			files = (
			);
			runOnlyForDeploymentPostprocessing = 0;
		};
/* End PBXFrameworksBuildPhase section */

/* Begin PBXGroup section */
		4CEB8A3C1F3DFD7900301C6F = {
			isa = PBXGroup;
			children = (
				4CEB8A471F3DFD7900301C6F /* Two Buttons */,
				4CEB8A461F3DFD7900301C6F /* Products */,
			);
			sourceTree = "<group>";
		};
		4CEB8A461F3DFD7900301C6F /* Products */ = {
			isa = PBXGroup;
			children = (
				4CEB8A451F3DFD7900301C6F /* Two Buttons.app */,
			);
			name = Products;
			sourceTree = "<group>";
		};
		4CEB8A471F3DFD7900301C6F /* Two Buttons */ = {
			isa = PBXGroup;
			children = (
				4CEB8A481F3DFD7900301C6F /* AppDelegate.swift */,
				4CEB8A4A1F3DFD7900301C6F /* ViewController.swift */,
				4CEB8A4C1F3DFD7900301C6F /* Main.storyboard */,
				4CEB8A4F1F3DFD7900301C6F /* Assets.xcassets */,
				4CEB8A511F3DFD7900301C6F /* LaunchScreen.storyboard */,
				4CEB8A541F3DFD7900301C6F /* Info.plist */,
			);
			path = "Two Buttons";
			sourceTree = "<group>";
		};
/* End PBXGroup section */

/* Begin PBXNativeTarget section */
		4CEB8A441F3DFD7900301C6F /* Two Buttons */ = {
			isa = PBXNativeTarget;
			buildConfigurationList = 4CEB8A571F3DFD7900301C6F /* Build configuration list for PBXNativeTarget "Two Buttons" */;
			buildPhases = (
				4CEB8A411F3DFD7900301C6F /* Sources */,
				4CEB8A421F3DFD7900301C6F /* Frameworks */,
				4CEB8A431F3DFD7900301C6F /* Resources */,
			);
			buildRules = (
			);
			dependencies = (
			);
			name = "Two Buttons";
			productName = "Two Buttons";
			productReference = 4CEB8A451F3DFD7900301C6F /* Two Buttons.app */;
			productType = "com.apple.product-type.application";
		};
/* End PBXNativeTarget section */

/* Begin PBXProject section */
		4CEB8A3D1F3DFD7900301C6F /* Project object */ = {
			isa = PBXProject;
			attributes = {
				LastSwiftUpdateCheck = 0830;
				LastUpgradeCheck = 0830;
				ORGANIZATIONNAME = "Tim Latham";
				TargetAttributes = {
					4CEB8A441F3DFD7900301C6F = {
						CreatedOnToolsVersion = 8.3.3;
						DevelopmentTeam = 9H88RX77XU;
						ProvisioningStyle = Automatic;
					};
				};
			};
			buildConfigurationList = 4CEB8A401F3DFD7900301C6F /* Build configuration list for PBXProject "Two Buttons" */;
			compatibilityVersion = "Xcode 3.2";
			developmentRegion = English;
			hasScannedForEncodings = 0;
			knownRegions = (
				en,
				Base,
			);
			mainGroup = 4CEB8A3C1F3DFD7900301C6F;
			productRefGroup = 4CEB8A461F3DFD7900301C6F /* Products */;
			projectDirPath = "";
			projectRoot = "";
			targets = (
				4CEB8A441F3DFD7900301C6F /* Two Buttons */,
			);
		};
/* End PBXProject section */

/* Begin PBXResourcesBuildPhase section */
		4CEB8A431F3DFD7900301C6F /* Resources */ = {
			isa = PBXResourcesBuildPhase;
			buildActionMask = 2147483647;
			files = (
				4CEB8A531F3DFD7900301C6F /* LaunchScreen.storyboard in Resources */,
				4CEB8A501F3DFD7900301C6F /* Assets.xcassets in Resources */,
				4CEB8A4E1F3DFD7900301C6F /* Main.storyboard in Resources */,
			);
			runOnlyForDeploymentPostprocessing = 0;
		};
/* End PBXResourcesBuildPhase section */

/* Begin PBXSourcesBuildPhase section */
		4CEB8A411F3DFD7900301C6F /* Sources */ = {
			isa = PBXSourcesBuildPhase;
			buildActionMask = 2147483647;
			files = (
				4CEB8A4B1F3DFD7900301C6F /* ViewController.swift in Sources */,
				4CEB8A491F3DFD7900301C6F /* AppDelegate.swift in Sources */,
			);
			runOnlyForDeploymentPostprocessing = 0;
		};
/* End PBXSourcesBuildPhase section */

/* Begin PBXVariantGroup section */
		4CEB8A4C1F3DFD7900301C6F /* Main.storyboard */ = {
			isa = PBXVariantGroup;
			children = (
				4CEB8A4D1F3DFD7900301C6F /* Base */,
			);
			name = Main.storyboard;
			sourceTree = "<group>";
		};
		4CEB8A511F3DFD7900301C6F /* LaunchScreen.storyboard */ = {
			isa = PBXVariantGroup;
			children = (
				4CEB8A521F3DFD7900301C6F /* Base */,
			);
			name = LaunchScreen.storyboard;
			sourceTree = "<group>";
		};
/* End PBXVariantGroup section */

/* Begin XCBuildConfiguration section */
		4CEB8A551F3DFD7900301C6F /* Debug */ = {
			isa = XCBuildConfiguration;
			buildSettings = {
				ALWAYS_SEARCH_USER_PATHS = NO;
				CLANG_ANALYZER_NONNULL = YES;
				CLANG_ANALYZER_NUMBER_OBJECT_CONVERSION = YES_AGGRESSIVE;
				CLANG_CXX_LANGUAGE_STANDARD = "gnu++0x";
				CLANG_CXX_LIBRARY = "libc++";
				CLANG_ENABLE_MODULES = YES;
				CLANG_ENABLE_OBJC_ARC = YES;
				CLANG_WARN_BOOL_CONVERSION = YES;
				CLANG_WARN_CONSTANT_CONVERSION = YES;
				CLANG_WARN_DIRECT_OBJC_ISA_USAGE = YES_ERROR;
				CLANG_WARN_DOCUMENTATION_COMMENTS = YES;
				CLANG_WARN_EMPTY_BODY = YES;
				CLANG_WARN_ENUM_CONVERSION = YES;
				CLANG_WARN_INFINITE_RECURSION = YES;
				CLANG_WARN_INT_CONVERSION = YES;
				CLANG_WARN_OBJC_ROOT_CLASS = YES_ERROR;
				CLANG_WARN_SUSPICIOUS_MOVE = YES;
				CLANG_WARN_UNREACHABLE_CODE = YES;
				CLANG_WARN__DUPLICATE_METHOD_MATCH = YES;
				"CODE_SIGN_IDENTITY[sdk=iphoneos*]" = "iPhone Developer";
				COPY_PHASE_STRIP = NO;
				DEBUG_INFORMATION_FORMAT = dwarf;
				ENABLE_STRICT_OBJC_MSGSEND = YES;
				ENABLE_TESTABILITY = YES;
				GCC_C_LANGUAGE_STANDARD = gnu99;
				GCC_DYNAMIC_NO_PIC = NO;
				GCC_NO_COMMON_BLOCKS = YES;
				GCC_OPTIMIZATION_LEVEL = 0;
				GCC_PREPROCESSOR_DEFINITIONS = (
					"DEBUG=1",
					"$(inherited)",
				);
				GCC_WARN_64_TO_32_BIT_CONVERSION = YES;
				GCC_WARN_ABOUT_RETURN_TYPE = YES_ERROR;
				GCC_WARN_UNDECLARED_SELECTOR = YES;
				GCC_WARN_UNINITIALIZED_AUTOS = YES_AGGRESSIVE;
				GCC_WARN_UNUSED_FUNCTION = YES;
				GCC_WARN_UNUSED_VARIABLE = YES;
				IPHONEOS_DEPLOYMENT_TARGET = 10.3;
				MTL_ENABLE_DEBUG_INFO = YES;
				ONLY_ACTIVE_ARCH = YES;
				SDKROOT = iphoneos;
				SWIFT_ACTIVE_COMPILATION_CONDITIONS = DEBUG;
				SWIFT_OPTIMIZATION_LEVEL = "-Onone";
			};
			name = Debug;
		};
		4CEB8A561F3DFD7900301C6F /* Release */ = {
			isa = XCBuildConfiguration;
			buildSettings = {
				ALWAYS_SEARCH_USER_PATHS = NO;
				CLANG_ANALYZER_NONNULL = YES;
				CLANG_ANALYZER_NUMBER_OBJECT_CONVERSION = YES_AGGRESSIVE;
				CLANG_CXX_LANGUAGE_STANDARD = "gnu++0x";
				CLANG_CXX_LIBRARY = "libc++";
				CLANG_ENABLE_MODULES = YES;
				CLANG_ENABLE_OBJC_ARC = YES;
				CLANG_WARN_BOOL_CONVERSION = YES;
				CLANG_WARN_CONSTANT_CONVERSION = YES;
				CLANG_WARN_DIRECT_OBJC_ISA_USAGE = YES_ERROR;
				CLANG_WARN_DOCUMENTATION_COMMENTS = YES;
				CLANG_WARN_EMPTY_BODY = YES;
				CLANG_WARN_ENUM_CONVERSION = YES;
				CLANG_WARN_INFINITE_RECURSION = YES;
				CLANG_WARN_INT_CONVERSION = YES;
				CLANG_WARN_OBJC_ROOT_CLASS = YES_ERROR;
				CLANG_WARN_SUSPICIOUS_MOVE = YES;
				CLANG_WARN_UNREACHABLE_CODE = YES;
				CLANG_WARN__DUPLICATE_METHOD_MATCH = YES;
				"CODE_SIGN_IDENTITY[sdk=iphoneos*]" = "iPhone Developer";
				COPY_PHASE_STRIP = NO;
				DEBUG_INFORMATION_FORMAT = "dwarf-with-dsym";
				ENABLE_NS_ASSERTIONS = NO;
				ENABLE_STRICT_OBJC_MSGSEND = YES;
				GCC_C_LANGUAGE_STANDARD = gnu99;
				GCC_NO_COMMON_BLOCKS = YES;
				GCC_WARN_64_TO_32_BIT_CONVERSION = YES;
				GCC_WARN_ABOUT_RETURN_TYPE = YES_ERROR;
				GCC_WARN_UNDECLARED_SELECTOR = YES;
				GCC_WARN_UNINITIALIZED_AUTOS = YES_AGGRESSIVE;
				GCC_WARN_UNUSED_FUNCTION = YES;
				GCC_WARN_UNUSED_VARIABLE = YES;
				IPHONEOS_DEPLOYMENT_TARGET = 10.3;
				MTL_ENABLE_DEBUG_INFO = NO;
				SDKROOT = iphoneos;
				SWIFT_OPTIMIZATION_LEVEL = "-Owholemodule";
				VALIDATE_PRODUCT = YES;
			};
			name = Release;
		};
		4CEB8A581F3DFD7900301C6F /* Debug */ = {
			isa = XCBuildConfiguration;
			buildSettings = {
				ASSETCATALOG_COMPILER_APPICON_NAME = AppIcon;
				DEVELOPMENT_TEAM = 9H88RX77XU;
				INFOPLIST_FILE = "Two Buttons/Info.plist";
				LD_RUNPATH_SEARCH_PATHS = "$(inherited) @executable_path/Frameworks";
				PRODUCT_BUNDLE_IDENTIFIER = "com.example.Two-Buttons";
				PRODUCT_NAME = "$(TARGET_NAME)";
				SWIFT_VERSION = 3.0;
			};
			name = Debug;
		};
		4CEB8A591F3DFD7900301C6F /* Release */ = {
			isa = XCBuildConfiguration;
			buildSettings = {
				ASSETCATALOG_COMPILER_APPICON_NAME = AppIcon;
				DEVELOPMENT_TEAM = 9H88RX77XU;
				INFOPLIST_FILE = "Two Buttons/Info.plist";
				LD_RUNPATH_SEARCH_PATHS = "$(inherited) @executable_path/Frameworks";
				PRODUCT_BUNDLE_IDENTIFIER = "com.example.Two-Buttons";
				PRODUCT_NAME = "$(TARGET_NAME)";
				SWIFT_VERSION = 3.0;
			};
			name = Release;
		};
/* End XCBuildConfiguration section */

/* Begin XCConfigurationList section */
		4CEB8A401F3DFD7900301C6F /* Build configuration list for PBXProject "Two Buttons" */ = {
			isa = XCConfigurationList;
			buildConfigurations = (
				4CEB8A551F3DFD7900301C6F /* Debug */,
				4CEB8A561F3DFD7900301C6F /* Release */,
			);
			defaultConfigurationIsVisible = 0;
			defaultConfigurationName = Release;
		};
		4CEB8A571F3DFD7900301C6F /* Build configuration list for PBXNativeTarget "Two Buttons" */ = {
			isa = XCConfigurationList;
			buildConfigurations = (
				4CEB8A581F3DFD7900301C6F /* Debug */,
				4CEB8A591F3DFD7900301C6F /* Release */,
			);
			defaultConfigurationIsVisible = 0;
		};
/* End XCConfigurationList section */
	};
	rootObject = 4CEB8A3D1F3DFD7900301C6F /* Project object */;
}
