// !$*UTF8*$!
{
	archiveVersion = 1;
	classes = {
	};
	objectVersion = 46;
	objects = {

/* Begin PBXBuildFile section */
		4C06B4791F34F1C20081A088 /* AppDelegate.swift in Sources */ = {isa = PBXBuildFile; fileRef = 4C06B4781F34F1C20081A088 /* AppDelegate.swift */; };
		4C06B47B1F34F1C20081A088 /* ViewController.swift in Sources */ = {isa = PBXBuildFile; fileRef = 4C06B47A1F34F1C20081A088 /* ViewController.swift */; };
		4C06B47E1F34F1C20081A088 /* Main.storyboard in Resources */ = {isa = PBXBuildFile; fileRef = 4C06B47C1F34F1C20081A088 /* Main.storyboard */; };
		4C06B4801F34F1C20081A088 /* Assets.xcassets in Resources */ = {isa = PBXBuildFile; fileRef = 4C06B47F1F34F1C20081A088 /* Assets.xcassets */; };
		4C06B4831F34F1C20081A088 /* LaunchScreen.storyboard in Resources */ = {isa = PBXBuildFile; fileRef = 4C06B4811F34F1C20081A088 /* LaunchScreen.storyboard */; };
		4C4246B61F34F51E00C8CC7A /* meow.m4a in Resources */ = {isa = PBXBuildFile; fileRef = 4C4246B21F34F51E00C8CC7A /* meow.m4a */; };
		4C4246B71F34F51E00C8CC7A /* moo.m4a in Resources */ = {isa = PBXBuildFile; fileRef = 4C4246B31F34F51E00C8CC7A /* moo.m4a */; };
		4C4246B81F34F51E00C8CC7A /* SimpleSound.swift in Sources */ = {isa = PBXBuildFile; fileRef = 4C4246B41F34F51E00C8CC7A /* SimpleSound.swift */; };
		4C4246B91F34F51E00C8CC7A /* woof.m4a in Resources */ = {isa = PBXBuildFile; fileRef = 4C4246B51F34F51E00C8CC7A /* woof.m4a */; };
/* End PBXBuildFile section */

/* Begin PBXFileReference section */
		4C06B4751F34F1C20081A088 /* AnimalSounds.app */ = {isa = PBXFileReference; explicitFileType = wrapper.application; includeInIndex = 0; path = AnimalSounds.app; sourceTree = BUILT_PRODUCTS_DIR; };
		4C06B4781F34F1C20081A088 /* AppDelegate.swift */ = {isa = PBXFileReference; lastKnownFileType = sourcecode.swift; path = AppDelegate.swift; sourceTree = "<group>"; };
		4C06B47A1F34F1C20081A088 /* ViewController.swift */ = {isa = PBXFileReference; lastKnownFileType = sourcecode.swift; path = ViewController.swift; sourceTree = "<group>"; };
		4C06B47D1F34F1C20081A088 /* Base */ = {isa = PBXFileReference; lastKnownFileType = file.storyboard; name = Base; path = Base.lproj/Main.storyboard; sourceTree = "<group>"; };
		4C06B47F1F34F1C20081A088 /* Assets.xcassets */ = {isa = PBXFileReference; lastKnownFileType = folder.assetcatalog; path = Assets.xcassets; sourceTree = "<group>"; };
		4C06B4821F34F1C20081A088 /* Base */ = {isa = PBXFileReference; lastKnownFileType = file.storyboard; name = Base; path = Base.lproj/LaunchScreen.storyboard; sourceTree = "<group>"; };
		4C06B4841F34F1C20081A088 /* Info.plist */ = {isa = PBXFileReference; lastKnownFileType = text.plist.xml; path = Info.plist; sourceTree = "<group>"; };
		4C4246B21F34F51E00C8CC7A /* meow.m4a */ = {isa = PBXFileReference; lastKnownFileType = file; path = meow.m4a; sourceTree = "<group>"; };
		4C4246B31F34F51E00C8CC7A /* moo.m4a */ = {isa = PBXFileReference; lastKnownFileType = file; path = moo.m4a; sourceTree = "<group>"; };
		4C4246B41F34F51E00C8CC7A /* SimpleSound.swift */ = {isa = PBXFileReference; fileEncoding = 4; lastKnownFileType = sourcecode.swift; path = SimpleSound.swift; sourceTree = "<group>"; };
		4C4246B51F34F51E00C8CC7A /* woof.m4a */ = {isa = PBXFileReference; lastKnownFileType = file; path = woof.m4a; sourceTree = "<group>"; };
/* End PBXFileReference section */

/* Begin PBXFrameworksBuildPhase section */
		4C06B4721F34F1C20081A088 /* Frameworks */ = {
			isa = PBXFrameworksBuildPhase;
			buildActionMask = 2147483647;
			files = (
			);
			runOnlyForDeploymentPostprocessing = 0;
		};
/* End PBXFrameworksBuildPhase section */

/* Begin PBXGroup section */
		4C06B46C1F34F1C20081A088 = {
			isa = PBXGroup;
			children = (
				4C06B4771F34F1C20081A088 /* AnimalSounds */,
				4C06B4761F34F1C20081A088 /* Products */,
				4C4246B21F34F51E00C8CC7A /* meow.m4a */,
				4C4246B31F34F51E00C8CC7A /* moo.m4a */,
				4C4246B41F34F51E00C8CC7A /* SimpleSound.swift */,
				4C4246B51F34F51E00C8CC7A /* woof.m4a */,
			);
			sourceTree = "<group>";
		};
		4C06B4761F34F1C20081A088 /* Products */ = {
			isa = PBXGroup;
			children = (
				4C06B4751F34F1C20081A088 /* AnimalSounds.app */,
			);
			name = Products;
			sourceTree = "<group>";
		};
		4C06B4771F34F1C20081A088 /* AnimalSounds */ = {
			isa = PBXGroup;
			children = (
				4C06B4781F34F1C20081A088 /* AppDelegate.swift */,
				4C06B47A1F34F1C20081A088 /* ViewController.swift */,
				4C06B47C1F34F1C20081A088 /* Main.storyboard */,
				4C06B47F1F34F1C20081A088 /* Assets.xcassets */,
				4C06B4811F34F1C20081A088 /* LaunchScreen.storyboard */,
				4C06B4841F34F1C20081A088 /* Info.plist */,
			);
			path = AnimalSounds;
			sourceTree = "<group>";
		};
/* End PBXGroup section */

/* Begin PBXNativeTarget section */
		4C06B4741F34F1C20081A088 /* AnimalSounds */ = {
			isa = PBXNativeTarget;
			buildConfigurationList = 4C06B4871F34F1C20081A088 /* Build configuration list for PBXNativeTarget "AnimalSounds" */;
			buildPhases = (
				4C06B4711F34F1C20081A088 /* Sources */,
				4C06B4721F34F1C20081A088 /* Frameworks */,
				4C06B4731F34F1C20081A088 /* Resources */,
			);
			buildRules = (
			);
			dependencies = (
			);
			name = AnimalSounds;
			productName = AnimalSounds;
			productReference = 4C06B4751F34F1C20081A088 /* AnimalSounds.app */;
			productType = "com.apple.product-type.application";
		};
/* End PBXNativeTarget section */

/* Begin PBXProject section */
		4C06B46D1F34F1C20081A088 /* Project object */ = {
			isa = PBXProject;
			attributes = {
				LastSwiftUpdateCheck = 0830;
				LastUpgradeCheck = 0830;
				ORGANIZATIONNAME = "Tim Latham";
				TargetAttributes = {
					4C06B4741F34F1C20081A088 = {
						CreatedOnToolsVersion = 8.3.3;
						ProvisioningStyle = Automatic;
					};
				};
			};
			buildConfigurationList = 4C06B4701F34F1C20081A088 /* Build configuration list for PBXProject "AnimalSounds" */;
			compatibilityVersion = "Xcode 3.2";
			developmentRegion = English;
			hasScannedForEncodings = 0;
			knownRegions = (
				en,
				Base,
			);
			mainGroup = 4C06B46C1F34F1C20081A088;
			productRefGroup = 4C06B4761F34F1C20081A088 /* Products */;
			projectDirPath = "";
			projectRoot = "";
			targets = (
				4C06B4741F34F1C20081A088 /* AnimalSounds */,
			);
		};
/* End PBXProject section */

/* Begin PBXResourcesBuildPhase section */
		4C06B4731F34F1C20081A088 /* Resources */ = {
			isa = PBXResourcesBuildPhase;
			buildActionMask = 2147483647;
			files = (
				4C4246B61F34F51E00C8CC7A /* meow.m4a in Resources */,
				4C4246B91F34F51E00C8CC7A /* woof.m4a in Resources */,
				4C4246B71F34F51E00C8CC7A /* moo.m4a in Resources */,
				4C06B4831F34F1C20081A088 /* LaunchScreen.storyboard in Resources */,
				4C06B4801F34F1C20081A088 /* Assets.xcassets in Resources */,
				4C06B47E1F34F1C20081A088 /* Main.storyboard in Resources */,
			);
			runOnlyForDeploymentPostprocessing = 0;
		};
/* End PBXResourcesBuildPhase section */

/* Begin PBXSourcesBuildPhase section */
		4C06B4711F34F1C20081A088 /* Sources */ = {
			isa = PBXSourcesBuildPhase;
			buildActionMask = 2147483647;
			files = (
				4C4246B81F34F51E00C8CC7A /* SimpleSound.swift in Sources */,
				4C06B47B1F34F1C20081A088 /* ViewController.swift in Sources */,
				4C06B4791F34F1C20081A088 /* AppDelegate.swift in Sources */,
			);
			runOnlyForDeploymentPostprocessing = 0;
		};
/* End PBXSourcesBuildPhase section */

/* Begin PBXVariantGroup section */
		4C06B47C1F34F1C20081A088 /* Main.storyboard */ = {
			isa = PBXVariantGroup;
			children = (
				4C06B47D1F34F1C20081A088 /* Base */,
			);
			name = Main.storyboard;
			sourceTree = "<group>";
		};
		4C06B4811F34F1C20081A088 /* LaunchScreen.storyboard */ = {
			isa = PBXVariantGroup;
			children = (
				4C06B4821F34F1C20081A088 /* Base */,
			);
			name = LaunchScreen.storyboard;
			sourceTree = "<group>";
		};
/* End PBXVariantGroup section */

/* Begin XCBuildConfiguration section */
		4C06B4851F34F1C20081A088 /* Debug */ = {
			isa = XCBuildConfiguration;
			buildSettings = {
				ALWAYS_SEARCH_USER_PATHS = NO;
				CLANG_ANALYZER_NONNULL = YES;
				CLANG_ANALYZER_NUMBER_OBJECT_CONVERSION = YES_AGGRESSIVE;
				CLANG_CXX_LANGUAGE_STANDARD = "gnu++0x";
				CLANG_CXX_LIBRARY = "libc++";
				CLANG_ENABLE_MODULES = YES;
				CLANG_ENABLE_OBJC_ARC = YES;
				CLANG_WARN_BOOL_CONVERSION = YES;
				CLANG_WARN_CONSTANT_CONVERSION = YES;
				CLANG_WARN_DIRECT_OBJC_ISA_USAGE = YES_ERROR;
				CLANG_WARN_DOCUMENTATION_COMMENTS = YES;
				CLANG_WARN_EMPTY_BODY = YES;
				CLANG_WARN_ENUM_CONVERSION = YES;
				CLANG_WARN_INFINITE_RECURSION = YES;
				CLANG_WARN_INT_CONVERSION = YES;
				CLANG_WARN_OBJC_ROOT_CLASS = YES_ERROR;
				CLANG_WARN_SUSPICIOUS_MOVE = YES;
				CLANG_WARN_UNREACHABLE_CODE = YES;
				CLANG_WARN__DUPLICATE_METHOD_MATCH = YES;
				"CODE_SIGN_IDENTITY[sdk=iphoneos*]" = "iPhone Developer";
				COPY_PHASE_STRIP = NO;
				DEBUG_INFORMATION_FORMAT = dwarf;
				ENABLE_STRICT_OBJC_MSGSEND = YES;
				ENABLE_TESTABILITY = YES;
				GCC_C_LANGUAGE_STANDARD = gnu99;
				GCC_DYNAMIC_NO_PIC = NO;
				GCC_NO_COMMON_BLOCKS = YES;
				GCC_OPTIMIZATION_LEVEL = 0;
				GCC_PREPROCESSOR_DEFINITIONS = (
					"DEBUG=1",
					"$(inherited)",
				);
				GCC_WARN_64_TO_32_BIT_CONVERSION = YES;
				GCC_WARN_ABOUT_RETURN_TYPE = YES_ERROR;
				GCC_WARN_UNDECLARED_SELECTOR = YES;
				GCC_WARN_UNINITIALIZED_AUTOS = YES_AGGRESSIVE;
				GCC_WARN_UNUSED_FUNCTION = YES;
				GCC_WARN_UNUSED_VARIABLE = YES;
				IPHONEOS_DEPLOYMENT_TARGET = 10.3;
				MTL_ENABLE_DEBUG_INFO = YES;
				ONLY_ACTIVE_ARCH = YES;
				SDKROOT = iphoneos;
				SWIFT_ACTIVE_COMPILATION_CONDITIONS = DEBUG;
				SWIFT_OPTIMIZATION_LEVEL = "-Onone";
				TARGETED_DEVICE_FAMILY = "1,2";
			};
			name = Debug;
		};
		4C06B4861F34F1C20081A088 /* Release */ = {
			isa = XCBuildConfiguration;
			buildSettings = {
				ALWAYS_SEARCH_USER_PATHS = NO;
				CLANG_ANALYZER_NONNULL = YES;
				CLANG_ANALYZER_NUMBER_OBJECT_CONVERSION = YES_AGGRESSIVE;
				CLANG_CXX_LANGUAGE_STANDARD = "gnu++0x";
				CLANG_CXX_LIBRARY = "libc++";
				CLANG_ENABLE_MODULES = YES;
				CLANG_ENABLE_OBJC_ARC = YES;
				CLANG_WARN_BOOL_CONVERSION = YES;
				CLANG_WARN_CONSTANT_CONVERSION = YES;
				CLANG_WARN_DIRECT_OBJC_ISA_USAGE = YES_ERROR;
				CLANG_WARN_DOCUMENTATION_COMMENTS = YES;
				CLANG_WARN_EMPTY_BODY = YES;
				CLANG_WARN_ENUM_CONVERSION = YES;
				CLANG_WARN_INFINITE_RECURSION = YES;
				CLANG_WARN_INT_CONVERSION = YES;
				CLANG_WARN_OBJC_ROOT_CLASS = YES_ERROR;
				CLANG_WARN_SUSPICIOUS_MOVE = YES;
				CLANG_WARN_UNREACHABLE_CODE = YES;
				CLANG_WARN__DUPLICATE_METHOD_MATCH = YES;
				"CODE_SIGN_IDENTITY[sdk=iphoneos*]" = "iPhone Developer";
				COPY_PHASE_STRIP = NO;
				DEBUG_INFORMATION_FORMAT = "dwarf-with-dsym";
				ENABLE_NS_ASSERTIONS = NO;
				ENABLE_STRICT_OBJC_MSGSEND = YES;
				GCC_C_LANGUAGE_STANDARD = gnu99;
				GCC_NO_COMMON_BLOCKS = YES;
				GCC_WARN_64_TO_32_BIT_CONVERSION = YES;
				GCC_WARN_ABOUT_RETURN_TYPE = YES_ERROR;
				GCC_WARN_UNDECLARED_SELECTOR = YES;
				GCC_WARN_UNINITIALIZED_AUTOS = YES_AGGRESSIVE;
				GCC_WARN_UNUSED_FUNCTION = YES;
				GCC_WARN_UNUSED_VARIABLE = YES;
				IPHONEOS_DEPLOYMENT_TARGET = 10.3;
				MTL_ENABLE_DEBUG_INFO = NO;
				SDKROOT = iphoneos;
				SWIFT_OPTIMIZATION_LEVEL = "-Owholemodule";
				TARGETED_DEVICE_FAMILY = "1,2";
				VALIDATE_PRODUCT = YES;
			};
			name = Release;
		};
		4C06B4881F34F1C20081A088 /* Debug */ = {
			isa = XCBuildConfiguration;
			buildSettings = {
				ASSETCATALOG_COMPILER_APPICON_NAME = AppIcon;
				INFOPLIST_FILE = AnimalSounds/Info.plist;
				LD_RUNPATH_SEARCH_PATHS = "$(inherited) @executable_path/Frameworks";
				PRODUCT_BUNDLE_IDENTIFIER = com.example.AnimalSounds;
				PRODUCT_NAME = "$(TARGET_NAME)";
				SWIFT_VERSION = 3.0;
			};
			name = Debug;
		};
		4C06B4891F34F1C20081A088 /* Release */ = {
			isa = XCBuildConfiguration;
			buildSettings = {
				ASSETCATALOG_COMPILER_APPICON_NAME = AppIcon;
				INFOPLIST_FILE = AnimalSounds/Info.plist;
				LD_RUNPATH_SEARCH_PATHS = "$(inherited) @executable_path/Frameworks";
				PRODUCT_BUNDLE_IDENTIFIER = com.example.AnimalSounds;
				PRODUCT_NAME = "$(TARGET_NAME)";
				SWIFT_VERSION = 3.0;
			};
			name = Release;
		};
/* End XCBuildConfiguration section */

/* Begin XCConfigurationList section */
		4C06B4701F34F1C20081A088 /* Build configuration list for PBXProject "AnimalSounds" */ = {
			isa = XCConfigurationList;
			buildConfigurations = (
				4C06B4851F34F1C20081A088 /* Debug */,
				4C06B4861F34F1C20081A088 /* Release */,
			);
			defaultConfigurationIsVisible = 0;
			defaultConfigurationName = Release;
		};
		4C06B4871F34F1C20081A088 /* Build configuration list for PBXNativeTarget "AnimalSounds" */ = {
			isa = XCConfigurationList;
			buildConfigurations = (
				4C06B4881F34F1C20081A088 /* Debug */,
				4C06B4891F34F1C20081A088 /* Release */,
			);
			defaultConfigurationIsVisible = 0;
			defaultConfigurationName = Release;
		};
/* End XCConfigurationList section */
	};
	rootObject = 4C06B46D1F34F1C20081A088 /* Project object */;
}
